
Microsoft Visual Studio Solution File, Format Version 12.00
# Visual Studio Version 16
VisualStudioVersion = 16.0.31313.79
MinimumVisualStudioVersion = 10.0.40219.1
Project("{FAE04EC0-301F-11D3-BF4B-00C04F79EFBC}") = "FormTaskMVC", "FormTaskMVC\FormTaskMVC.csproj", "{449EC0A0-1302-4858-B840-62DFBD6F82FF}"
EndProject
Global
	GlobalSection(SolutionConfigurationPlatforms) = preSolution
		Debug|Any CPU = Debug|Any CPU
		Release|Any CPU = Release|Any CPU
	EndGlobalSection
	GlobalSection(ProjectConfigurationPlatforms) = postSolution
		{449EC0A0-1302-4858-B840-62DFBD6F82FF}.Debug|Any CPU.ActiveCfg = Debug|Any CPU
		{449EC0A0-1302-4858-B840-62DFBD6F82FF}.Debug|Any CPU.Build.0 = Debug|Any CPU
		{449EC0A0-1302-4858-B840-62DFBD6F82FF}.Release|Any CPU.ActiveCfg = Release|Any CPU
		{449EC0A0-1302-4858-B840-62DFBD6F82FF}.Release|Any CPU.Build.0 = Release|Any CPU
	EndGlobalSection
	GlobalSection(SolutionProperties) = preSolution
		HideSolutionNode = FALSE
	EndGlobalSection
	GlobalSection(ExtensibilityGlobals) = postSolution
		SolutionGuid = {FFC49334-9E12-4659-BA09-0C2DA3F9C436}
	EndGlobalSection
EndGlobal
